
Microsoft Visual Studio Solution File, Format Version 12.00
# Visual Studio Version 17
VisualStudioVersion = 17.1.32328.378
MinimumVisualStudioVersion = 10.0.40219.1
Project("{FAE04EC0-301F-11D3-BF4B-00C04F79EFBC}") = "EFCoreLoadRelatedData", "EFCoreLoadRelatedData\EFCoreLoadRelatedData.csproj", "{F234FD08-6024-4059-8340-D934CDE5B7FA}"
EndProject
Global
	GlobalSection(SolutionConfigurationPlatforms) = preSolution
		Debug|Any CPU = Debug|Any CPU
		Release|Any CPU = Release|Any CPU
	EndGlobalSection
	GlobalSection(ProjectConfigurationPlatforms) = postSolution
		{F234FD08-6024-4059-8340-D934CDE5B7FA}.Debug|Any CPU.ActiveCfg = Debug|Any CPU
		{F234FD08-6024-4059-8340-D934CDE5B7FA}.Debug|Any CPU.Build.0 = Debug|Any CPU
		{F234FD08-6024-4059-8340-D934CDE5B7FA}.Release|Any CPU.ActiveCfg = Release|Any CPU
		{F234FD08-6024-4059-8340-D934CDE5B7FA}.Release|Any CPU.Build.0 = Release|Any CPU
	EndGlobalSection
	GlobalSection(SolutionProperties) = preSolution
		HideSolutionNode = FALSE
	EndGlobalSection
	GlobalSection(ExtensibilityGlobals) = postSolution
		SolutionGuid = {DCA02237-16D4-4251-8B07-13EBC192D791}
	EndGlobalSection
EndGlobal
